
Microsoft Visual Studio Solution File, Format Version 12.00
# Visual Studio 2013
VisualStudioVersion = 12.0.21005.1
MinimumVisualStudioVersion = 10.0.40219.1
Project("{FAE04EC0-301F-11D3-BF4B-00C04F79EFBC}") = "LibraryMS", "LibraryMS\LibraryMS.csproj", "{DE61CEDC-3C2D-476C-9FF9-DC5E52EF4517}"
EndProject
Project("{FAE04EC0-301F-11D3-BF4B-00C04F79EFBC}") = "LibraryMS.Tests", "LibraryMS.Tests\LibraryMS.Tests.csproj", "{A9E0AB1C-40E4-41EB-8315-9D96A423842B}"
EndProject
Global
	GlobalSection(SolutionConfigurationPlatforms) = preSolution
		Debug|Any CPU = Debug|Any CPU
		Release|Any CPU = Release|Any CPU
	EndGlobalSection
	GlobalSection(ProjectConfigurationPlatforms) = postSolution
		{DE61CEDC-3C2D-476C-9FF9-DC5E52EF4517}.Debug|Any CPU.ActiveCfg = Debug|Any CPU
		{DE61CEDC-3C2D-476C-9FF9-DC5E52EF4517}.Debug|Any CPU.Build.0 = Debug|Any CPU
		{DE61CEDC-3C2D-476C-9FF9-DC5E52EF4517}.Release|Any CPU.ActiveCfg = Release|Any CPU
		{DE61CEDC-3C2D-476C-9FF9-DC5E52EF4517}.Release|Any CPU.Build.0 = Release|Any CPU
		{A9E0AB1C-40E4-41EB-8315-9D96A423842B}.Debug|Any CPU.ActiveCfg = Debug|Any CPU
		{A9E0AB1C-40E4-41EB-8315-9D96A423842B}.Debug|Any CPU.Build.0 = Debug|Any CPU
		{A9E0AB1C-40E4-41EB-8315-9D96A423842B}.Release|Any CPU.ActiveCfg = Release|Any CPU
		{A9E0AB1C-40E4-41EB-8315-9D96A423842B}.Release|Any CPU.Build.0 = Release|Any CPU
	EndGlobalSection
	GlobalSection(SolutionProperties) = preSolution
		HideSolutionNode = FALSE
	EndGlobalSection
EndGlobal
